
Microsoft Visual Studio Solution File, Format Version 12.00
# Visual Studio Version 17
VisualStudioVersion = 17.4.33110.190
MinimumVisualStudioVersion = 10.0.40219.1
Project("{FAE04EC0-301F-11D3-BF4B-00C04F79EFBC}") = "restaurantapp", "restaurantapp\restaurantapp.csproj", "{8892EB81-BDB5-4923-9351-F1B4C9EDFED8}"
EndProject
Global
	GlobalSection(SolutionConfigurationPlatforms) = preSolution
		Debug|Any CPU = Debug|Any CPU
		Release|Any CPU = Release|Any CPU
	EndGlobalSection
	GlobalSection(ProjectConfigurationPlatforms) = postSolution
		{8892EB81-BDB5-4923-9351-F1B4C9EDFED8}.Debug|Any CPU.ActiveCfg = Debug|Any CPU
		{8892EB81-BDB5-4923-9351-F1B4C9EDFED8}.Debug|Any CPU.Build.0 = Debug|Any CPU
		{8892EB81-BDB5-4923-9351-F1B4C9EDFED8}.Release|Any CPU.ActiveCfg = Release|Any CPU
		{8892EB81-BDB5-4923-9351-F1B4C9EDFED8}.Release|Any CPU.Build.0 = Release|Any CPU
	EndGlobalSection
	GlobalSection(SolutionProperties) = preSolution
		HideSolutionNode = FALSE
	EndGlobalSection
	GlobalSection(ExtensibilityGlobals) = postSolution
		SolutionGuid = {29A0BDFC-C19F-46CC-9DA7-B1B6DEE83AB3}
	EndGlobalSection
EndGlobal
